
Microsoft Visual Studio Solution File, Format Version 12.00
# Visual Studio Version 16
VisualStudioVersion = 16.0.31402.337
MinimumVisualStudioVersion = 10.0.40219.1
Project("{9A19103F-16F7-4668-BE54-9A1E7A4F7556}") = "Presentation", "FeedbackForum\Presentation.csproj", "{52EBF4C1-AD08-469B-9C2B-CA73E3BB8E4C}"
EndProject
Project("{9A19103F-16F7-4668-BE54-9A1E7A4F7556}") = "UnitTest", "FeedbackForumUnitTests\UnitTest.csproj", "{8D46174F-F525-488B-84C1-7B0624E1FE76}"
EndProject
Project("{9A19103F-16F7-4668-BE54-9A1E7A4F7556}") = "Data Access", "Data Access\Data Access.csproj", "{3C5378B9-2922-475B-9A51-745D8562F8BE}"
EndProject
Project("{9A19103F-16F7-4668-BE54-9A1E7A4F7556}") = "Logic", "Logic\Logic.csproj", "{0D06CBCC-0C6C-4E88-AE09-4BD0502F4A9A}"
EndProject
Project("{9A19103F-16F7-4668-BE54-9A1E7A4F7556}") = "Presentation MVC", "Presentation MVC\Presentation MVC.csproj", "{F98AF182-9FC7-46CF-BF36-71597EA01D01}"
EndProject
Global
	GlobalSection(SolutionConfigurationPlatforms) = preSolution
		Debug|Any CPU = Debug|Any CPU
		Release|Any CPU = Release|Any CPU
	EndGlobalSection
	GlobalSection(ProjectConfigurationPlatforms) = postSolution
		{52EBF4C1-AD08-469B-9C2B-CA73E3BB8E4C}.Debug|Any CPU.ActiveCfg = Debug|Any CPU
		{52EBF4C1-AD08-469B-9C2B-CA73E3BB8E4C}.Debug|Any CPU.Build.0 = Debug|Any CPU
		{52EBF4C1-AD08-469B-9C2B-CA73E3BB8E4C}.Release|Any CPU.ActiveCfg = Release|Any CPU
		{52EBF4C1-AD08-469B-9C2B-CA73E3BB8E4C}.Release|Any CPU.Build.0 = Release|Any CPU
		{8D46174F-F525-488B-84C1-7B0624E1FE76}.Debug|Any CPU.ActiveCfg = Debug|Any CPU
		{8D46174F-F525-488B-84C1-7B0624E1FE76}.Debug|Any CPU.Build.0 = Debug|Any CPU
		{8D46174F-F525-488B-84C1-7B0624E1FE76}.Release|Any CPU.ActiveCfg = Release|Any CPU
		{8D46174F-F525-488B-84C1-7B0624E1FE76}.Release|Any CPU.Build.0 = Release|Any CPU
		{3C5378B9-2922-475B-9A51-745D8562F8BE}.Debug|Any CPU.ActiveCfg = Debug|Any CPU
		{3C5378B9-2922-475B-9A51-745D8562F8BE}.Debug|Any CPU.Build.0 = Debug|Any CPU
		{3C5378B9-2922-475B-9A51-745D8562F8BE}.Release|Any CPU.ActiveCfg = Release|Any CPU
		{3C5378B9-2922-475B-9A51-745D8562F8BE}.Release|Any CPU.Build.0 = Release|Any CPU
		{0D06CBCC-0C6C-4E88-AE09-4BD0502F4A9A}.Debug|Any CPU.ActiveCfg = Debug|Any CPU
		{0D06CBCC-0C6C-4E88-AE09-4BD0502F4A9A}.Debug|Any CPU.Build.0 = Debug|Any CPU
		{0D06CBCC-0C6C-4E88-AE09-4BD0502F4A9A}.Release|Any CPU.ActiveCfg = Release|Any CPU
		{0D06CBCC-0C6C-4E88-AE09-4BD0502F4A9A}.Release|Any CPU.Build.0 = Release|Any CPU
		{F98AF182-9FC7-46CF-BF36-71597EA01D01}.Debug|Any CPU.ActiveCfg = Debug|Any CPU
		{F98AF182-9FC7-46CF-BF36-71597EA01D01}.Debug|Any CPU.Build.0 = Debug|Any CPU
		{F98AF182-9FC7-46CF-BF36-71597EA01D01}.Release|Any CPU.ActiveCfg = Release|Any CPU
		{F98AF182-9FC7-46CF-BF36-71597EA01D01}.Release|Any CPU.Build.0 = Release|Any CPU
	EndGlobalSection
	GlobalSection(SolutionProperties) = preSolution
		HideSolutionNode = FALSE
	EndGlobalSection
	GlobalSection(ExtensibilityGlobals) = postSolution
		SolutionGuid = {46797A52-58D2-4C76-9D20-DCD14A623945}
	EndGlobalSection
EndGlobal
